github.com/at-wat/ebml-go v0.19.1 h1:Ve0yB6OTjnIS1vfRaxT5d7guHZ1aXG4kXytM+18wWEg=
github.com/at-wat/ebml-go v0.19.1/go.mod h1:wu3fQj+DWo6SOOl9c4yDi+gFs9Oa96Z2B5qxo1OxFYY=
github.com/aws/aws-sdk-go-v2 v1.46.0 h1:1kt7m/EKcEHt5mlyyxx9cSlMddRPIKbjb6DIQsu4HPk=
github.com/aws/aws-sdk-go-v2 v1.46.0/go.mod h1:bttEH6JqnUL8LepvDVfdrds/fZ5bCIxzpe3abyUrhDU=
github.com/aws/aws-sdk-go-v2/credentials v1.20.3 h1:tToOYM/LXev4NpfWlIYGDvBvjHmJ3HXpRU9ppl+pM6k=
github.com/aws/aws-sdk-go-v2/credentials v1.20.3/go.mod h1:wfGneWyncO7p67wqXV2IQhPk14JqIc25woKlaArT3WI=
github.com/aws/aws-sdk-go-v2/internal/configsources v1.5.2 h1:q/PSLGuRWCChWg+dLnb9dWOnrCxJtnboXbBtFoqqRrI=
github.com/aws/aws-sdk-go-v2/internal/configsources v1.5.2/go.mod h1:TD1jvU2LvXkJexct5vBqcd8QlNXh5EmRUeL/Z32p0n4=
github.com/aws/aws-sdk-go-v2/internal/endpoints/v2 v2.8.2 h1:6fl86IPqKEXoySqiOWdfgbEp9OVbn44zTfEICNEBDhY=
github.com/aws/aws-sdk-go-v2/internal/endpoints/v2 v2.8.2/go.mod h1:63HDfhFkdzBpI8WGXTSKUHPKS6mqldj4u3LJW7RZtSU=
github.com/aws/aws-sdk-go-v2/service/kinesisvideo v1.40.0 h1:EmvBDPgE0q9ODrxgn6hWlUTz/y0x92MXs7KtqjZQ0ak=
github.com/aws/aws-sdk-go-v2/service/kinesisvideo v1.40.0/go.mod h1:zlbtD84DMuPcAdSrlQe+5BRkeOw0amjO34BtKQYq1NQ=
github.com/aws/aws-sdk-go-v2/service/kinesisvideoarchivedmedia v1.40.0 h1:NuliPe8c0s8+OaPOhBGo13N/IdnmMrgd9mPzaARn9Y0=
github.com/aws/aws-sdk-go-v2/service/kinesisvideoarchivedmedia v1.40.0/go.mod h1:lk7zqO2FJy4USXQDDu2xeYlprq/LAHqqzax4KADcqkY=
github.com/aws/smithy-go v1.28.1 h1:R/nXH00c8qcfCzQVELtRw+eLQWtzv+VAIEFJ1/xxXlQ=
github.com/aws/smithy-go v1.28.1/go.mod h1:YE2RhdIuDbA5E5bTdciG9KrW3+TiEONeUWCqxX9i1Fc=
github.com/google/go-cmp v0.7.0 h1:wk8382ETsv4JYUZwIsn6YpYiWiBsYLSJiTsyBybVuN8=
github.com/google/go-cmp v0.7.0/go.mod h1:pXiqmnSA92OHEEa9HXL2W4E7lf9JzCmGVUdgjX3N/iU=
github.com/google/uuid v1.6.0 h1:NIvaJDMOsjHA8n1jAhLSgzrAzy1Hgr+hNrb57e+94F0=
github.com/google/uuid v1.6.0/go.mod h1:TIyPZe4MgqvfeYDBFedMoGGpEw/LqOeaOT+nhxU+yHo=
